
Microsoft Visual Studio Solution File, Format Version 12.00
# Visual Studio Version 17
VisualStudioVersion = 17.5.33414.496
MinimumVisualStudioVersion = 10.0.40219.1
Project("{FAE04EC0-301F-11D3-BF4B-00C04F79EFBC}") = "Identidade", "Identidade\Identidade.csproj", "{C7B45271-A369-4692-A296-2A7C35D9615B}"
EndProject
Global
	GlobalSection(SolutionConfigurationPlatforms) = preSolution
		Debug|Any CPU = Debug|Any CPU
		Release|Any CPU = Release|Any CPU
	EndGlobalSection
	GlobalSection(ProjectConfigurationPlatforms) = postSolution
		{C7B45271-A369-4692-A296-2A7C35D9615B}.Debug|Any CPU.ActiveCfg = Debug|Any CPU
		{C7B45271-A369-4692-A296-2A7C35D9615B}.Debug|Any CPU.Build.0 = Debug|Any CPU
		{C7B45271-A369-4692-A296-2A7C35D9615B}.Release|Any CPU.ActiveCfg = Release|Any CPU
		{C7B45271-A369-4692-A296-2A7C35D9615B}.Release|Any CPU.Build.0 = Release|Any CPU
	EndGlobalSection
	GlobalSection(SolutionProperties) = preSolution
		HideSolutionNode = FALSE
	EndGlobalSection
	GlobalSection(ExtensibilityGlobals) = postSolution
		SolutionGuid = {1F00D51F-9AA3-4DE0-B7D2-C9EE12DBABC2}
	EndGlobalSection
EndGlobal
